
Microsoft Visual Studio Solution File, Format Version 12.00
Project("{FAE04EC0-301F-11D3-BF4B-00C04F79EFBC}") = "RJVTD2_MP_2025261", "RJVTD2_MP_2025261.csproj", "{DFEE720B-F29D-4763-AAF3-6F5BFD1158C7}"
EndProject
Global
	GlobalSection(SolutionConfigurationPlatforms) = preSolution
		Debug|Any CPU = Debug|Any CPU
		Release|Any CPU = Release|Any CPU
	EndGlobalSection
	GlobalSection(ProjectConfigurationPlatforms) = postSolution
		{DFEE720B-F29D-4763-AAF3-6F5BFD1158C7}.Debug|Any CPU.ActiveCfg = Debug|Any CPU
		{DFEE720B-F29D-4763-AAF3-6F5BFD1158C7}.Debug|Any CPU.Build.0 = Debug|Any CPU
		{DFEE720B-F29D-4763-AAF3-6F5BFD1158C7}.Release|Any CPU.ActiveCfg = Release|Any CPU
		{DFEE720B-F29D-4763-AAF3-6F5BFD1158C7}.Release|Any CPU.Build.0 = Release|Any CPU
	EndGlobalSection
EndGlobal
